{
  "name": "fp-ts-svg-path-d",
  "version": "0.0.1",
  "lockfileVersion": 1,
  "requires": true,
  "dependencies": {
    "fp-ts": {
      "version": "2.10.5",
      "resolved": "https://registry.npmjs.org/fp-ts/-/fp-ts-2.10.5.tgz",
      "integrity": "sha512-X2KfTIV0cxIk3d7/2Pvp/pxL/xr2MV1WooyEzKtTWYSc1+52VF4YzjBTXqeOlSiZsPCxIBpDGfT9Dyo7WEY0DQ=="
    },
    "fp-ts-sized-vectors": {
      "version": "0.1.0",
      "resolved": "https://registry.npmjs.org/fp-ts-sized-vectors/-/fp-ts-sized-vectors-0.1.0.tgz",
      "integrity": "sha512-WZ8aa7ftG2Se6Es4UH92FHWqr03ys+S7ZUmysp7YNQ/WfZ+FQ3cciQTsFaFnh0PevpsfdAnHp4LLow8igFRkfg=="
    },
    "svgpath": {
      "version": "2.3.1",
      "resolved": "https://registry.npmjs.org/svgpath/-/svgpath-2.3.1.tgz",
      "integrity": "sha512-wNz6lCoj+99GMoyU7SozTfPqiLHz6WcJYZ30Z+F4lF/gPtxWHBCpZ4DhoDI0+oZ0dObKyYsJdSPGbL2mJq/qCg=="
    },
    "typescript": {
      "version": "4.3.4",
      "resolved": "https://registry.npmjs.org/typescript/-/typescript-4.3.4.tgz",
      "integrity": "sha512-uauPG7XZn9F/mo+7MrsRjyvbxFpzemRjKEZXS4AK83oP2KKOJPvb+9cO/gmnv8arWZvhnjVOXz7B49m1l0e9Ew==",
      "dev": true
    }
  }
}
